
Microsoft Visual Studio Solution File, Format Version 12.00
# Visual Studio Version 17
VisualStudioVersion = 17.14.36518.9 d17.14
MinimumVisualStudioVersion = 10.0.40219.1
Project("{FAE04EC0-301F-11D3-BF4B-00C04F79EFBC}") = "CookItYourself", "CookItYourself\CookItYourself.csproj", "{8E249C49-E657-430E-B1B7-EABA935403BE}"
EndProject
Global
	GlobalSection(SolutionConfigurationPlatforms) = preSolution
		Debug|Any CPU = Debug|Any CPU
		Release|Any CPU = Release|Any CPU
	EndGlobalSection
	GlobalSection(ProjectConfigurationPlatforms) = postSolution
		{8E249C49-E657-430E-B1B7-EABA935403BE}.Debug|Any CPU.ActiveCfg = Debug|Any CPU
		{8E249C49-E657-430E-B1B7-EABA935403BE}.Debug|Any CPU.Build.0 = Debug|Any CPU
		{8E249C49-E657-430E-B1B7-EABA935403BE}.Release|Any CPU.ActiveCfg = Release|Any CPU
		{8E249C49-E657-430E-B1B7-EABA935403BE}.Release|Any CPU.Build.0 = Release|Any CPU
	EndGlobalSection
	GlobalSection(SolutionProperties) = preSolution
		HideSolutionNode = FALSE
	EndGlobalSection
	GlobalSection(ExtensibilityGlobals) = postSolution
		SolutionGuid = {13FBDF8F-0CCF-492C-8C18-FF78BDDBB415}
	EndGlobalSection
EndGlobal
